
Microsoft Visual Studio Solution File, Format Version 12.00
# Visual Studio Version 17
VisualStudioVersion = 17.0.31912.275
MinimumVisualStudioVersion = 10.0.40219.1
Project("{2150E333-8FDC-42A3-9474-1A3956D46DE8}") = "CQService", "CQService", "{4602DCC7-D36E-44D0-BA47-074D357E845A}"
EndProject
Project("{2150E333-8FDC-42A3-9474-1A3956D46DE8}") = "Services", "Services", "{4B6F42A9-7E4F-499F-8905-73FEA2F7D311}"
EndProject
Project("{2150E333-8FDC-42A3-9474-1A3956D46DE8}") = "Test", "Test", "{9A325ADC-E4DA-4C62-878B-2BFFFC13B440}"
EndProject
Project("{9A19103F-16F7-4668-BE54-9A1E7A4F7556}") = "CalcuQuote.Core", "CalcuQuote.Core\CalcuQuote.Core.csproj", "{8FE5185C-1D83-43F3-A146-D97CEFA9C457}"
EndProject
Project("{9A19103F-16F7-4668-BE54-9A1E7A4F7556}") = "CalcuQuote.RabbitMQContract", "CalcuQuote.RabbitMQContract\CalcuQuote.RabbitMQContract.csproj", "{3147E829-6C69-4C7C-8B16-1E4F431D6CD9}"
EndProject
Project("{9A19103F-16F7-4668-BE54-9A1E7A4F7556}") = "CalcuQuote.Infrastructure", "CalcuQuote.Infrastructure\CalcuQuote.Infrastructure.csproj", "{5E76911E-B165-4D6F-8695-BC36464809C7}"
EndProject
Project("{9A19103F-16F7-4668-BE54-9A1E7A4F7556}") = "CalcuQuote.CQService", "CQService\CalcuQuote.CQService\CalcuQuote.CQService.csproj", "{652CA2CF-BBBF-4EF7-8A08-8D030B08E2F0}"
EndProject
Project("{9A19103F-16F7-4668-BE54-9A1E7A4F7556}") = "CalcuQuote.CQService.Core", "CQService\CalcuQuote.CQService.Core\CalcuQuote.CQService.Core.csproj", "{2164B944-38E1-4B1C-9FCD-0C36B30B16BC}"
EndProject
Project("{9A19103F-16F7-4668-BE54-9A1E7A4F7556}") = "CalcuQuote.CQService.Infrastructure", "CQService\CalcuQuote.CQService.Infrastructure\CalcuQuote.CQService.Infrastructure.csproj", "{F9549085-D72A-432C-862C-524F95424B32}"
EndProject
Project("{9A19103F-16F7-4668-BE54-9A1E7A4F7556}") = "CalcuQuote.CurrencyService", "Services\CalcuQuote.CurrencyService\CalcuQuote.CurrencyService.csproj", "{640EDAD3-86B1-437C-870B-B92D89624051}"
EndProject
Project("{9A19103F-16F7-4668-BE54-9A1E7A4F7556}") = "CalcuQuote.CustomReportService", "Services\CalcuQuote.CustomReportService\CalcuQuote.CustomReportService.csproj", "{46ED4E0F-CFC5-40B1-B354-BAB7AFB213CD}"
EndProject
Project("{9A19103F-16F7-4668-BE54-9A1E7A4F7556}") = "CalcuQuote.MaintenanceService", "Services\CalcuQuote.MaintenanceService\CalcuQuote.MaintenanceService.csproj", "{BEA1AC92-ADD2-4F0D-999A-4287DCBEBB8E}"
EndProject
Project("{9A19103F-16F7-4668-BE54-9A1E7A4F7556}") = "CalcuQuote.ManExService", "Services\CalcuQuote.ManExService\CalcuQuote.ManExService.csproj", "{A7A88B88-36E2-439D-9224-F9A8CC6B1D83}"
EndProject
Project("{9A19103F-16F7-4668-BE54-9A1E7A4F7556}") = "CalcuQuote.PricingExpiration", "Services\CalcuQuote.PricingExpiration\CalcuQuote.PricingExpiration.csproj", "{13E44C47-3988-48EF-9F9D-A48A1DB2354C}"
EndProject
Project("{9A19103F-16F7-4668-BE54-9A1E7A4F7556}") = "CalcuQuote.PricingService", "Services\CalcuQuote.PricingService\CalcuQuote.PricingService.csproj", "{75AB4EF5-B5F7-475C-B504-7EA94909DBFE}"
EndProject
Project("{9A19103F-16F7-4668-BE54-9A1E7A4F7556}") = "CalcuQuote.QCQService", "Services\CalcuQuote.QCQService\CalcuQuote.QCQService.csproj", "{55C5780B-2D1A-4D4A-8A68-F210A7A597DB}"
EndProject
Project("{9A19103F-16F7-4668-BE54-9A1E7A4F7556}") = "CalcuQuote.WebhookService", "Services\CalcuQuote.WebhookService\CalcuQuote.WebhookService.csproj", "{50165F60-4E66-4FA2-9B95-11DA95C5DA82}"
EndProject
Project("{9A19103F-16F7-4668-BE54-9A1E7A4F7556}") = "CalcuQuote.WorkFlowService", "Services\CalcuQuote.WorkFlowService\CalcuQuote.WorkFlowService.csproj", "{672EB82E-C32B-46D9-9190-6409FE0F8DDC}"
EndProject
Project("{9A19103F-16F7-4668-BE54-9A1E7A4F7556}") = "CalcuQuote.API", "CalcuQuote.API\CalcuQuote.API.csproj", "{0E5FFACF-BF03-4D8A-868A-515491BE221D}"
EndProject
Project("{9A19103F-16F7-4668-BE54-9A1E7A4F7556}") = "CalcuQuote.Infrastructure.Test", "Test\CalcuQuote.Infrastructure.Test\CalcuQuote.Infrastructure.Test.csproj", "{F80D8110-8659-4D08-8586-C285CB813668}"
EndProject
Project("{9A19103F-16F7-4668-BE54-9A1E7A4F7556}") = "CalcuQuote.PricingServices.Tests", "Test\CalcuQuote.PricingServices.Tests\CalcuQuote.PricingServices.Tests.csproj", "{54F8C54D-D97A-473F-9C4C-FDA1BB089671}"
EndProject
Project("{9A19103F-16F7-4668-BE54-9A1E7A4F7556}") = "CalcuQuote.CQService.Test", "CQService\CalcuQuote.CQService.Test\CalcuQuote.CQService.Test.csproj", "{128FB293-F76D-4BBC-A5B8-E73BD2E9D376}"
EndProject
Project("{9A19103F-16F7-4668-BE54-9A1E7A4F7556}") = "CalcuQuote.API.Test", "Test\CalcuQuote.API.Test\CalcuQuote.API.Test.csproj", "{7A3B68E2-426C-493C-9B88-C9E247FE5AA7}"
EndProject
Project("{2150E333-8FDC-42A3-9474-1A3956D46DE8}") = "Solution Items", "Solution Items", "{6649C85B-0B55-41A5-B0BA-76F7AF1E79AB}"
	ProjectSection(SolutionItems) = preProject
		settings.ruleset = settings.ruleset
	EndProjectSection
EndProject
Project("{9A19103F-16F7-4668-BE54-9A1E7A4F7556}") = "CalcuQuote.ArchiveService", "Services\CalcuQuote.ArchiveService\CalcuQuote.ArchiveService.csproj", "{15761E01-6286-4C88-A7C4-B6EEEB43A362}"
EndProject
Project("{FAE04EC0-301F-11D3-BF4B-00C04F79EFBC}") = "CQ.Contracts", "CQ.Contracts\CQ.Contracts.csproj", "{3379DBCD-CE6A-438C-A448-6D4F87A9532F}"
EndProject
Project("{FAE04EC0-301F-11D3-BF4B-00C04F79EFBC}") = "CalcuQuote.EventWorkerService", "Services\CalcuQuote.EventWorkerService\CalcuQuote.EventWorkerService.csproj", "{29A82C4B-3524-441D-BE22-EC2E59D175BF}"
EndProject
Global
	GlobalSection(SolutionConfigurationPlatforms) = preSolution
		Debug|Any CPU = Debug|Any CPU
		Debug|x64 = Debug|x64
		Publish|Any CPU = Publish|Any CPU
		Publish|x64 = Publish|x64
		Release|Any CPU = Release|Any CPU
		Release|x64 = Release|x64
	EndGlobalSection
	GlobalSection(ProjectConfigurationPlatforms) = postSolution
		{8FE5185C-1D83-43F3-A146-D97CEFA9C457}.Debug|Any CPU.ActiveCfg = Debug|Any CPU
		{8FE5185C-1D83-43F3-A146-D97CEFA9C457}.Debug|Any CPU.Build.0 = Debug|Any CPU
		{8FE5185C-1D83-43F3-A146-D97CEFA9C457}.Debug|x64.ActiveCfg = Debug|Any CPU
		{8FE5185C-1D83-43F3-A146-D97CEFA9C457}.Debug|x64.Build.0 = Debug|Any CPU
		{8FE5185C-1D83-43F3-A146-D97CEFA9C457}.Publish|Any CPU.ActiveCfg = Debug|Any CPU
		{8FE5185C-1D83-43F3-A146-D97CEFA9C457}.Publish|Any CPU.Build.0 = Debug|Any CPU
		{8FE5185C-1D83-43F3-A146-D97CEFA9C457}.Publish|x64.ActiveCfg = Debug|Any CPU
		{8FE5185C-1D83-43F3-A146-D97CEFA9C457}.Publish|x64.Build.0 = Debug|Any CPU
		{8FE5185C-1D83-43F3-A146-D97CEFA9C457}.Release|Any CPU.ActiveCfg = Release|Any CPU
		{8FE5185C-1D83-43F3-A146-D97CEFA9C457}.Release|Any CPU.Build.0 = Release|Any CPU
		{8FE5185C-1D83-43F3-A146-D97CEFA9C457}.Release|x64.ActiveCfg = Release|Any CPU
		{8FE5185C-1D83-43F3-A146-D97CEFA9C457}.Release|x64.Build.0 = Release|Any CPU
		{3147E829-6C69-4C7C-8B16-1E4F431D6CD9}.Debug|Any CPU.ActiveCfg = Debug|Any CPU
		{3147E829-6C69-4C7C-8B16-1E4F431D6CD9}.Debug|Any CPU.Build.0 = Debug|Any CPU
		{3147E829-6C69-4C7C-8B16-1E4F431D6CD9}.Debug|x64.ActiveCfg = Debug|Any CPU
		{3147E829-6C69-4C7C-8B16-1E4F431D6CD9}.Debug|x64.Build.0 = Debug|Any CPU
		{3147E829-6C69-4C7C-8B16-1E4F431D6CD9}.Publish|Any CPU.ActiveCfg = Debug|Any CPU
		{3147E829-6C69-4C7C-8B16-1E4F431D6CD9}.Publish|Any CPU.Build.0 = Debug|Any CPU
		{3147E829-6C69-4C7C-8B16-1E4F431D6CD9}.Publish|x64.ActiveCfg = Debug|Any CPU
		{3147E829-6C69-4C7C-8B16-1E4F431D6CD9}.Publish|x64.Build.0 = Debug|Any CPU
		{3147E829-6C69-4C7C-8B16-1E4F431D6CD9}.Release|Any CPU.ActiveCfg = Release|Any CPU
		{3147E829-6C69-4C7C-8B16-1E4F431D6CD9}.Release|Any CPU.Build.0 = Release|Any CPU
		{3147E829-6C69-4C7C-8B16-1E4F431D6CD9}.Release|x64.ActiveCfg = Release|Any CPU
		{3147E829-6C69-4C7C-8B16-1E4F431D6CD9}.Release|x64.Build.0 = Release|Any CPU
		{5E76911E-B165-4D6F-8695-BC36464809C7}.Debug|Any CPU.ActiveCfg = Debug|Any CPU
		{5E76911E-B165-4D6F-8695-BC36464809C7}.Debug|Any CPU.Build.0 = Debug|Any CPU
		{5E76911E-B165-4D6F-8695-BC36464809C7}.Debug|x64.ActiveCfg = Debug|Any CPU
		{5E76911E-B165-4D6F-8695-BC36464809C7}.Debug|x64.Build.0 = Debug|Any CPU
		{5E76911E-B165-4D6F-8695-BC36464809C7}.Publish|Any CPU.ActiveCfg = Debug|Any CPU
		{5E76911E-B165-4D6F-8695-BC36464809C7}.Publish|Any CPU.Build.0 = Debug|Any CPU
		{5E76911E-B165-4D6F-8695-BC36464809C7}.Publish|x64.ActiveCfg = Debug|Any CPU
		{5E76911E-B165-4D6F-8695-BC36464809C7}.Publish|x64.Build.0 = Debug|Any CPU
		{5E76911E-B165-4D6F-8695-BC36464809C7}.Release|Any CPU.ActiveCfg = Release|Any CPU
		{5E76911E-B165-4D6F-8695-BC36464809C7}.Release|Any CPU.Build.0 = Release|Any CPU
		{5E76911E-B165-4D6F-8695-BC36464809C7}.Release|x64.ActiveCfg = Release|Any CPU
		{5E76911E-B165-4D6F-8695-BC36464809C7}.Release|x64.Build.0 = Release|Any CPU
		{652CA2CF-BBBF-4EF7-8A08-8D030B08E2F0}.Debug|Any CPU.ActiveCfg = Debug|Any CPU
		{652CA2CF-BBBF-4EF7-8A08-8D030B08E2F0}.Debug|Any CPU.Build.0 = Debug|Any CPU
		{652CA2CF-BBBF-4EF7-8A08-8D030B08E2F0}.Debug|x64.ActiveCfg = Debug|Any CPU
		{652CA2CF-BBBF-4EF7-8A08-8D030B08E2F0}.Debug|x64.Build.0 = Debug|Any CPU
		{652CA2CF-BBBF-4EF7-8A08-8D030B08E2F0}.Publish|Any CPU.ActiveCfg = Debug|Any CPU
		{652CA2CF-BBBF-4EF7-8A08-8D030B08E2F0}.Publish|Any CPU.Build.0 = Debug|Any CPU
		{652CA2CF-BBBF-4EF7-8A08-8D030B08E2F0}.Publish|x64.ActiveCfg = Debug|Any CPU
		{652CA2CF-BBBF-4EF7-8A08-8D030B08E2F0}.Publish|x64.Build.0 = Debug|Any CPU
		{652CA2CF-BBBF-4EF7-8A08-8D030B08E2F0}.Release|Any CPU.ActiveCfg = Release|Any CPU
		{652CA2CF-BBBF-4EF7-8A08-8D030B08E2F0}.Release|Any CPU.Build.0 = Release|Any CPU
		{652CA2CF-BBBF-4EF7-8A08-8D030B08E2F0}.Release|x64.ActiveCfg = Release|Any CPU
		{652CA2CF-BBBF-4EF7-8A08-8D030B08E2F0}.Release|x64.Build.0 = Release|Any CPU
		{2164B944-38E1-4B1C-9FCD-0C36B30B16BC}.Debug|Any CPU.ActiveCfg = Debug|Any CPU
		{2164B944-38E1-4B1C-9FCD-0C36B30B16BC}.Debug|Any CPU.Build.0 = Debug|Any CPU
		{2164B944-38E1-4B1C-9FCD-0C36B30B16BC}.Debug|x64.ActiveCfg = Debug|Any CPU
		{2164B944-38E1-4B1C-9FCD-0C36B30B16BC}.Debug|x64.Build.0 = Debug|Any CPU
		{2164B944-38E1-4B1C-9FCD-0C36B30B16BC}.Publish|Any CPU.ActiveCfg = Debug|Any CPU
		{2164B944-38E1-4B1C-9FCD-0C36B30B16BC}.Publish|Any CPU.Build.0 = Debug|Any CPU
		{2164B944-38E1-4B1C-9FCD-0C36B30B16BC}.Publish|x64.ActiveCfg = Debug|Any CPU
		{2164B944-38E1-4B1C-9FCD-0C36B30B16BC}.Publish|x64.Build.0 = Debug|Any CPU
		{2164B944-38E1-4B1C-9FCD-0C36B30B16BC}.Release|Any CPU.ActiveCfg = Release|Any CPU
		{2164B944-38E1-4B1C-9FCD-0C36B30B16BC}.Release|Any CPU.Build.0 = Release|Any CPU
		{2164B944-38E1-4B1C-9FCD-0C36B30B16BC}.Release|x64.ActiveCfg = Release|Any CPU
		{2164B944-38E1-4B1C-9FCD-0C36B30B16BC}.Release|x64.Build.0 = Release|Any CPU
		{F9549085-D72A-432C-862C-524F95424B32}.Debug|Any CPU.ActiveCfg = Debug|Any CPU
		{F9549085-D72A-432C-862C-524F95424B32}.Debug|Any CPU.Build.0 = Debug|Any CPU
		{F9549085-D72A-432C-862C-524F95424B32}.Debug|x64.ActiveCfg = Debug|Any CPU
		{F9549085-D72A-432C-862C-524F95424B32}.Debug|x64.Build.0 = Debug|Any CPU
		{F9549085-D72A-432C-862C-524F95424B32}.Publish|Any CPU.ActiveCfg = Debug|Any CPU
		{F9549085-D72A-432C-862C-524F95424B32}.Publish|Any CPU.Build.0 = Debug|Any CPU
		{F9549085-D72A-432C-862C-524F95424B32}.Publish|x64.ActiveCfg = Debug|Any CPU
		{F9549085-D72A-432C-862C-524F95424B32}.Publish|x64.Build.0 = Debug|Any CPU
		{F9549085-D72A-432C-862C-524F95424B32}.Release|Any CPU.ActiveCfg = Release|Any CPU
		{F9549085-D72A-432C-862C-524F95424B32}.Release|Any CPU.Build.0 = Release|Any CPU
		{F9549085-D72A-432C-862C-524F95424B32}.Release|x64.ActiveCfg = Release|Any CPU
		{F9549085-D72A-432C-862C-524F95424B32}.Release|x64.Build.0 = Release|Any CPU
		{640EDAD3-86B1-437C-870B-B92D89624051}.Debug|Any CPU.ActiveCfg = Debug|Any CPU
		{640EDAD3-86B1-437C-870B-B92D89624051}.Debug|Any CPU.Build.0 = Debug|Any CPU
		{640EDAD3-86B1-437C-870B-B92D89624051}.Debug|x64.ActiveCfg = Debug|Any CPU
		{640EDAD3-86B1-437C-870B-B92D89624051}.Debug|x64.Build.0 = Debug|Any CPU
		{640EDAD3-86B1-437C-870B-B92D89624051}.Publish|Any CPU.ActiveCfg = Debug|Any CPU
		{640EDAD3-86B1-437C-870B-B92D89624051}.Publish|Any CPU.Build.0 = Debug|Any CPU
		{640EDAD3-86B1-437C-870B-B92D89624051}.Publish|x64.ActiveCfg = Debug|Any CPU
		{640EDAD3-86B1-437C-870B-B92D89624051}.Publish|x64.Build.0 = Debug|Any CPU
		{640EDAD3-86B1-437C-870B-B92D89624051}.Release|Any CPU.ActiveCfg = Release|Any CPU
		{640EDAD3-86B1-437C-870B-B92D89624051}.Release|Any CPU.Build.0 = Release|Any CPU
		{640EDAD3-86B1-437C-870B-B92D89624051}.Release|x64.ActiveCfg = Release|Any CPU
		{640EDAD3-86B1-437C-870B-B92D89624051}.Release|x64.Build.0 = Release|Any CPU
		{46ED4E0F-CFC5-40B1-B354-BAB7AFB213CD}.Debug|Any CPU.ActiveCfg = Debug|Any CPU
		{46ED4E0F-CFC5-40B1-B354-BAB7AFB213CD}.Debug|Any CPU.Build.0 = Debug|Any CPU
		{46ED4E0F-CFC5-40B1-B354-BAB7AFB213CD}.Debug|x64.ActiveCfg = Debug|Any CPU
		{46ED4E0F-CFC5-40B1-B354-BAB7AFB213CD}.Debug|x64.Build.0 = Debug|Any CPU
		{46ED4E0F-CFC5-40B1-B354-BAB7AFB213CD}.Publish|Any CPU.ActiveCfg = Debug|Any CPU
		{46ED4E0F-CFC5-40B1-B354-BAB7AFB213CD}.Publish|Any CPU.Build.0 = Debug|Any CPU
		{46ED4E0F-CFC5-40B1-B354-BAB7AFB213CD}.Publish|x64.ActiveCfg = Debug|Any CPU
		{46ED4E0F-CFC5-40B1-B354-BAB7AFB213CD}.Publish|x64.Build.0 = Debug|Any CPU
		{46ED4E0F-CFC5-40B1-B354-BAB7AFB213CD}.Release|Any CPU.ActiveCfg = Release|Any CPU
		{46ED4E0F-CFC5-40B1-B354-BAB7AFB213CD}.Release|Any CPU.Build.0 = Release|Any CPU
		{46ED4E0F-CFC5-40B1-B354-BAB7AFB213CD}.Release|x64.ActiveCfg = Release|Any CPU
		{46ED4E0F-CFC5-40B1-B354-BAB7AFB213CD}.Release|x64.Build.0 = Release|Any CPU
		{BEA1AC92-ADD2-4F0D-999A-4287DCBEBB8E}.Debug|Any CPU.ActiveCfg = Debug|Any CPU
		{BEA1AC92-ADD2-4F0D-999A-4287DCBEBB8E}.Debug|Any CPU.Build.0 = Debug|Any CPU
		{BEA1AC92-ADD2-4F0D-999A-4287DCBEBB8E}.Debug|x64.ActiveCfg = Debug|Any CPU
		{BEA1AC92-ADD2-4F0D-999A-4287DCBEBB8E}.Debug|x64.Build.0 = Debug|Any CPU
		{BEA1AC92-ADD2-4F0D-999A-4287DCBEBB8E}.Publish|Any CPU.ActiveCfg = Debug|Any CPU
		{BEA1AC92-ADD2-4F0D-999A-4287DCBEBB8E}.Publish|Any CPU.Build.0 = Debug|Any CPU
		{BEA1AC92-ADD2-4F0D-999A-4287DCBEBB8E}.Publish|x64.ActiveCfg = Debug|Any CPU
		{BEA1AC92-ADD2-4F0D-999A-4287DCBEBB8E}.Publish|x64.Build.0 = Debug|Any CPU
		{BEA1AC92-ADD2-4F0D-999A-4287DCBEBB8E}.Release|Any CPU.ActiveCfg = Release|Any CPU
		{BEA1AC92-ADD2-4F0D-999A-4287DCBEBB8E}.Release|Any CPU.Build.0 = Release|Any CPU
		{BEA1AC92-ADD2-4F0D-999A-4287DCBEBB8E}.Release|x64.ActiveCfg = Release|Any CPU
		{BEA1AC92-ADD2-4F0D-999A-4287DCBEBB8E}.Release|x64.Build.0 = Release|Any CPU
		{A7A88B88-36E2-439D-9224-F9A8CC6B1D83}.Debug|Any CPU.ActiveCfg = Debug|Any CPU
		{A7A88B88-36E2-439D-9224-F9A8CC6B1D83}.Debug|Any CPU.Build.0 = Debug|Any CPU
		{A7A88B88-36E2-439D-9224-F9A8CC6B1D83}.Debug|x64.ActiveCfg = Debug|Any CPU
		{A7A88B88-36E2-439D-9224-F9A8CC6B1D83}.Debug|x64.Build.0 = Debug|Any CPU
		{A7A88B88-36E2-439D-9224-F9A8CC6B1D83}.Publish|Any CPU.ActiveCfg = Debug|Any CPU
		{A7A88B88-36E2-439D-9224-F9A8CC6B1D83}.Publish|Any CPU.Build.0 = Debug|Any CPU
		{A7A88B88-36E2-439D-9224-F9A8CC6B1D83}.Publish|x64.ActiveCfg = Debug|Any CPU
		{A7A88B88-36E2-439D-9224-F9A8CC6B1D83}.Publish|x64.Build.0 = Debug|Any CPU
		{A7A88B88-36E2-439D-9224-F9A8CC6B1D83}.Release|Any CPU.ActiveCfg = Release|Any CPU
		{A7A88B88-36E2-439D-9224-F9A8CC6B1D83}.Release|Any CPU.Build.0 = Release|Any CPU
		{A7A88B88-36E2-439D-9224-F9A8CC6B1D83}.Release|x64.ActiveCfg = Release|Any CPU
		{A7A88B88-36E2-439D-9224-F9A8CC6B1D83}.Release|x64.Build.0 = Release|Any CPU
		{13E44C47-3988-48EF-9F9D-A48A1DB2354C}.Debug|Any CPU.ActiveCfg = Debug|Any CPU
		{13E44C47-3988-48EF-9F9D-A48A1DB2354C}.Debug|Any CPU.Build.0 = Debug|Any CPU
		{13E44C47-3988-48EF-9F9D-A48A1DB2354C}.Debug|x64.ActiveCfg = Debug|Any CPU
		{13E44C47-3988-48EF-9F9D-A48A1DB2354C}.Debug|x64.Build.0 = Debug|Any CPU
		{13E44C47-3988-48EF-9F9D-A48A1DB2354C}.Publish|Any CPU.ActiveCfg = Debug|Any CPU
		{13E44C47-3988-48EF-9F9D-A48A1DB2354C}.Publish|Any CPU.Build.0 = Debug|Any CPU
		{13E44C47-3988-48EF-9F9D-A48A1DB2354C}.Publish|x64.ActiveCfg = Debug|Any CPU
		{13E44C47-3988-48EF-9F9D-A48A1DB2354C}.Publish|x64.Build.0 = Debug|Any CPU
		{13E44C47-3988-48EF-9F9D-A48A1DB2354C}.Release|Any CPU.ActiveCfg = Release|Any CPU
		{13E44C47-3988-48EF-9F9D-A48A1DB2354C}.Release|Any CPU.Build.0 = Release|Any CPU
		{13E44C47-3988-48EF-9F9D-A48A1DB2354C}.Release|x64.ActiveCfg = Release|Any CPU
		{13E44C47-3988-48EF-9F9D-A48A1DB2354C}.Release|x64.Build.0 = Release|Any CPU
		{75AB4EF5-B5F7-475C-B504-7EA94909DBFE}.Debug|Any CPU.ActiveCfg = Debug|Any CPU
		{75AB4EF5-B5F7-475C-B504-7EA94909DBFE}.Debug|Any CPU.Build.0 = Debug|Any CPU
		{75AB4EF5-B5F7-475C-B504-7EA94909DBFE}.Debug|x64.ActiveCfg = Debug|Any CPU
		{75AB4EF5-B5F7-475C-B504-7EA94909DBFE}.Debug|x64.Build.0 = Debug|Any CPU
		{75AB4EF5-B5F7-475C-B504-7EA94909DBFE}.Publish|Any CPU.ActiveCfg = Debug|Any CPU
		{75AB4EF5-B5F7-475C-B504-7EA94909DBFE}.Publish|Any CPU.Build.0 = Debug|Any CPU
		{75AB4EF5-B5F7-475C-B504-7EA94909DBFE}.Publish|x64.ActiveCfg = Debug|Any CPU
		{75AB4EF5-B5F7-475C-B504-7EA94909DBFE}.Publish|x64.Build.0 = Debug|Any CPU
		{75AB4EF5-B5F7-475C-B504-7EA94909DBFE}.Release|Any CPU.ActiveCfg = Release|Any CPU
		{75AB4EF5-B5F7-475C-B504-7EA94909DBFE}.Release|Any CPU.Build.0 = Release|Any CPU
		{75AB4EF5-B5F7-475C-B504-7EA94909DBFE}.Release|x64.ActiveCfg = Release|Any CPU
		{75AB4EF5-B5F7-475C-B504-7EA94909DBFE}.Release|x64.Build.0 = Release|Any CPU
		{55C5780B-2D1A-4D4A-8A68-F210A7A597DB}.Debug|Any CPU.ActiveCfg = Debug|Any CPU
		{55C5780B-2D1A-4D4A-8A68-F210A7A597DB}.Debug|Any CPU.Build.0 = Debug|Any CPU
		{55C5780B-2D1A-4D4A-8A68-F210A7A597DB}.Debug|x64.ActiveCfg = Debug|Any CPU
		{55C5780B-2D1A-4D4A-8A68-F210A7A597DB}.Debug|x64.Build.0 = Debug|Any CPU
		{55C5780B-2D1A-4D4A-8A68-F210A7A597DB}.Publish|Any CPU.ActiveCfg = Debug|Any CPU
		{55C5780B-2D1A-4D4A-8A68-F210A7A597DB}.Publish|Any CPU.Build.0 = Debug|Any CPU
		{55C5780B-2D1A-4D4A-8A68-F210A7A597DB}.Publish|x64.ActiveCfg = Debug|Any CPU
		{55C5780B-2D1A-4D4A-8A68-F210A7A597DB}.Publish|x64.Build.0 = Debug|Any CPU
		{55C5780B-2D1A-4D4A-8A68-F210A7A597DB}.Release|Any CPU.ActiveCfg = Release|Any CPU
		{55C5780B-2D1A-4D4A-8A68-F210A7A597DB}.Release|Any CPU.Build.0 = Release|Any CPU
		{55C5780B-2D1A-4D4A-8A68-F210A7A597DB}.Release|x64.ActiveCfg = Release|Any CPU
		{55C5780B-2D1A-4D4A-8A68-F210A7A597DB}.Release|x64.Build.0 = Release|Any CPU
		{50165F60-4E66-4FA2-9B95-11DA95C5DA82}.Debug|Any CPU.ActiveCfg = Debug|Any CPU
		{50165F60-4E66-4FA2-9B95-11DA95C5DA82}.Debug|Any CPU.Build.0 = Debug|Any CPU
		{50165F60-4E66-4FA2-9B95-11DA95C5DA82}.Debug|x64.ActiveCfg = Debug|Any CPU
		{50165F60-4E66-4FA2-9B95-11DA95C5DA82}.Debug|x64.Build.0 = Debug|Any CPU
		{50165F60-4E66-4FA2-9B95-11DA95C5DA82}.Publish|Any CPU.ActiveCfg = Debug|Any CPU
		{50165F60-4E66-4FA2-9B95-11DA95C5DA82}.Publish|Any CPU.Build.0 = Debug|Any CPU
		{50165F60-4E66-4FA2-9B95-11DA95C5DA82}.Publish|x64.ActiveCfg = Debug|Any CPU
		{50165F60-4E66-4FA2-9B95-11DA95C5DA82}.Publish|x64.Build.0 = Debug|Any CPU
		{50165F60-4E66-4FA2-9B95-11DA95C5DA82}.Release|Any CPU.ActiveCfg = Release|Any CPU
		{50165F60-4E66-4FA2-9B95-11DA95C5DA82}.Release|Any CPU.Build.0 = Release|Any CPU
		{50165F60-4E66-4FA2-9B95-11DA95C5DA82}.Release|x64.ActiveCfg = Release|Any CPU
		{50165F60-4E66-4FA2-9B95-11DA95C5DA82}.Release|x64.Build.0 = Release|Any CPU
		{672EB82E-C32B-46D9-9190-6409FE0F8DDC}.Debug|Any CPU.ActiveCfg = Debug|Any CPU
		{672EB82E-C32B-46D9-9190-6409FE0F8DDC}.Debug|Any CPU.Build.0 = Debug|Any CPU
		{672EB82E-C32B-46D9-9190-6409FE0F8DDC}.Debug|x64.ActiveCfg = Debug|Any CPU
		{672EB82E-C32B-46D9-9190-6409FE0F8DDC}.Debug|x64.Build.0 = Debug|Any CPU
		{672EB82E-C32B-46D9-9190-6409FE0F8DDC}.Publish|Any CPU.ActiveCfg = Debug|Any CPU
		{672EB82E-C32B-46D9-9190-6409FE0F8DDC}.Publish|Any CPU.Build.0 = Debug|Any CPU
		{672EB82E-C32B-46D9-9190-6409FE0F8DDC}.Publish|x64.ActiveCfg = Debug|Any CPU
		{672EB82E-C32B-46D9-9190-6409FE0F8DDC}.Publish|x64.Build.0 = Debug|Any CPU
		{672EB82E-C32B-46D9-9190-6409FE0F8DDC}.Release|Any CPU.ActiveCfg = Release|Any CPU
		{672EB82E-C32B-46D9-9190-6409FE0F8DDC}.Release|Any CPU.Build.0 = Release|Any CPU
		{672EB82E-C32B-46D9-9190-6409FE0F8DDC}.Release|x64.ActiveCfg = Release|Any CPU
		{672EB82E-C32B-46D9-9190-6409FE0F8DDC}.Release|x64.Build.0 = Release|Any CPU
		{0E5FFACF-BF03-4D8A-868A-515491BE221D}.Debug|Any CPU.ActiveCfg = Debug|Any CPU
		{0E5FFACF-BF03-4D8A-868A-515491BE221D}.Debug|Any CPU.Build.0 = Debug|Any CPU
		{0E5FFACF-BF03-4D8A-868A-515491BE221D}.Debug|x64.ActiveCfg = Debug|Any CPU
		{0E5FFACF-BF03-4D8A-868A-515491BE221D}.Debug|x64.Build.0 = Debug|Any CPU
		{0E5FFACF-BF03-4D8A-868A-515491BE221D}.Publish|Any CPU.ActiveCfg = Debug|Any CPU
		{0E5FFACF-BF03-4D8A-868A-515491BE221D}.Publish|Any CPU.Build.0 = Debug|Any CPU
		{0E5FFACF-BF03-4D8A-868A-515491BE221D}.Publish|x64.ActiveCfg = Debug|Any CPU
		{0E5FFACF-BF03-4D8A-868A-515491BE221D}.Publish|x64.Build.0 = Debug|Any CPU
		{0E5FFACF-BF03-4D8A-868A-515491BE221D}.Release|Any CPU.ActiveCfg = Release|Any CPU
		{0E5FFACF-BF03-4D8A-868A-515491BE221D}.Release|Any CPU.Build.0 = Release|Any CPU
		{0E5FFACF-BF03-4D8A-868A-515491BE221D}.Release|x64.ActiveCfg = Release|Any CPU
		{0E5FFACF-BF03-4D8A-868A-515491BE221D}.Release|x64.Build.0 = Release|Any CPU
		{F80D8110-8659-4D08-8586-C285CB813668}.Debug|Any CPU.ActiveCfg = Debug|Any CPU
		{F80D8110-8659-4D08-8586-C285CB813668}.Debug|Any CPU.Build.0 = Debug|Any CPU
		{F80D8110-8659-4D08-8586-C285CB813668}.Debug|x64.ActiveCfg = Debug|Any CPU
		{F80D8110-8659-4D08-8586-C285CB813668}.Debug|x64.Build.0 = Debug|Any CPU
		{F80D8110-8659-4D08-8586-C285CB813668}.Publish|Any CPU.ActiveCfg = Debug|Any CPU
		{F80D8110-8659-4D08-8586-C285CB813668}.Publish|Any CPU.Build.0 = Debug|Any CPU
		{F80D8110-8659-4D08-8586-C285CB813668}.Publish|x64.ActiveCfg = Debug|Any CPU
		{F80D8110-8659-4D08-8586-C285CB813668}.Publish|x64.Build.0 = Debug|Any CPU
		{F80D8110-8659-4D08-8586-C285CB813668}.Release|Any CPU.ActiveCfg = Release|Any CPU
		{F80D8110-8659-4D08-8586-C285CB813668}.Release|Any CPU.Build.0 = Release|Any CPU
		{F80D8110-8659-4D08-8586-C285CB813668}.Release|x64.ActiveCfg = Release|Any CPU
		{F80D8110-8659-4D08-8586-C285CB813668}.Release|x64.Build.0 = Release|Any CPU
		{54F8C54D-D97A-473F-9C4C-FDA1BB089671}.Debug|Any CPU.ActiveCfg = Debug|Any CPU
		{54F8C54D-D97A-473F-9C4C-FDA1BB089671}.Debug|Any CPU.Build.0 = Debug|Any CPU
		{54F8C54D-D97A-473F-9C4C-FDA1BB089671}.Debug|x64.ActiveCfg = Debug|Any CPU
		{54F8C54D-D97A-473F-9C4C-FDA1BB089671}.Debug|x64.Build.0 = Debug|Any CPU
		{54F8C54D-D97A-473F-9C4C-FDA1BB089671}.Publish|Any CPU.ActiveCfg = Debug|Any CPU
		{54F8C54D-D97A-473F-9C4C-FDA1BB089671}.Publish|Any CPU.Build.0 = Debug|Any CPU
		{54F8C54D-D97A-473F-9C4C-FDA1BB089671}.Publish|x64.ActiveCfg = Debug|Any CPU
		{54F8C54D-D97A-473F-9C4C-FDA1BB089671}.Publish|x64.Build.0 = Debug|Any CPU
		{54F8C54D-D97A-473F-9C4C-FDA1BB089671}.Release|Any CPU.ActiveCfg = Release|Any CPU
		{54F8C54D-D97A-473F-9C4C-FDA1BB089671}.Release|Any CPU.Build.0 = Release|Any CPU
		{54F8C54D-D97A-473F-9C4C-FDA1BB089671}.Release|x64.ActiveCfg = Release|Any CPU
		{54F8C54D-D97A-473F-9C4C-FDA1BB089671}.Release|x64.Build.0 = Release|Any CPU
		{128FB293-F76D-4BBC-A5B8-E73BD2E9D376}.Debug|Any CPU.ActiveCfg = Debug|Any CPU
		{128FB293-F76D-4BBC-A5B8-E73BD2E9D376}.Debug|Any CPU.Build.0 = Debug|Any CPU
		{128FB293-F76D-4BBC-A5B8-E73BD2E9D376}.Debug|x64.ActiveCfg = Debug|Any CPU
		{128FB293-F76D-4BBC-A5B8-E73BD2E9D376}.Debug|x64.Build.0 = Debug|Any CPU
		{128FB293-F76D-4BBC-A5B8-E73BD2E9D376}.Publish|Any CPU.ActiveCfg = Debug|Any CPU
		{128FB293-F76D-4BBC-A5B8-E73BD2E9D376}.Publish|Any CPU.Build.0 = Debug|Any CPU
		{128FB293-F76D-4BBC-A5B8-E73BD2E9D376}.Publish|x64.ActiveCfg = Debug|Any CPU
		{128FB293-F76D-4BBC-A5B8-E73BD2E9D376}.Publish|x64.Build.0 = Debug|Any CPU
		{128FB293-F76D-4BBC-A5B8-E73BD2E9D376}.Release|Any CPU.ActiveCfg = Release|Any CPU
		{128FB293-F76D-4BBC-A5B8-E73BD2E9D376}.Release|Any CPU.Build.0 = Release|Any CPU
		{128FB293-F76D-4BBC-A5B8-E73BD2E9D376}.Release|x64.ActiveCfg = Release|Any CPU
		{128FB293-F76D-4BBC-A5B8-E73BD2E9D376}.Release|x64.Build.0 = Release|Any CPU
		{7A3B68E2-426C-493C-9B88-C9E247FE5AA7}.Debug|Any CPU.ActiveCfg = Debug|Any CPU
		{7A3B68E2-426C-493C-9B88-C9E247FE5AA7}.Debug|Any CPU.Build.0 = Debug|Any CPU
		{7A3B68E2-426C-493C-9B88-C9E247FE5AA7}.Debug|x64.ActiveCfg = Debug|Any CPU
		{7A3B68E2-426C-493C-9B88-C9E247FE5AA7}.Debug|x64.Build.0 = Debug|Any CPU
		{7A3B68E2-426C-493C-9B88-C9E247FE5AA7}.Publish|Any CPU.ActiveCfg = Debug|Any CPU
		{7A3B68E2-426C-493C-9B88-C9E247FE5AA7}.Publish|Any CPU.Build.0 = Debug|Any CPU
		{7A3B68E2-426C-493C-9B88-C9E247FE5AA7}.Publish|x64.ActiveCfg = Debug|Any CPU
		{7A3B68E2-426C-493C-9B88-C9E247FE5AA7}.Publish|x64.Build.0 = Debug|Any CPU
		{7A3B68E2-426C-493C-9B88-C9E247FE5AA7}.Release|Any CPU.ActiveCfg = Release|Any CPU
		{7A3B68E2-426C-493C-9B88-C9E247FE5AA7}.Release|Any CPU.Build.0 = Release|Any CPU
		{7A3B68E2-426C-493C-9B88-C9E247FE5AA7}.Release|x64.ActiveCfg = Release|Any CPU
		{7A3B68E2-426C-493C-9B88-C9E247FE5AA7}.Release|x64.Build.0 = Release|Any CPU
		{15761E01-6286-4C88-A7C4-B6EEEB43A362}.Debug|Any CPU.ActiveCfg = Debug|Any CPU
		{15761E01-6286-4C88-A7C4-B6EEEB43A362}.Debug|Any CPU.Build.0 = Debug|Any CPU
		{15761E01-6286-4C88-A7C4-B6EEEB43A362}.Debug|x64.ActiveCfg = Debug|Any CPU
		{15761E01-6286-4C88-A7C4-B6EEEB43A362}.Debug|x64.Build.0 = Debug|Any CPU
		{15761E01-6286-4C88-A7C4-B6EEEB43A362}.Publish|Any CPU.ActiveCfg = Debug|Any CPU
		{15761E01-6286-4C88-A7C4-B6EEEB43A362}.Publish|Any CPU.Build.0 = Debug|Any CPU
		{15761E01-6286-4C88-A7C4-B6EEEB43A362}.Publish|x64.ActiveCfg = Debug|Any CPU
		{15761E01-6286-4C88-A7C4-B6EEEB43A362}.Publish|x64.Build.0 = Debug|Any CPU
		{15761E01-6286-4C88-A7C4-B6EEEB43A362}.Release|Any CPU.ActiveCfg = Release|Any CPU
		{15761E01-6286-4C88-A7C4-B6EEEB43A362}.Release|Any CPU.Build.0 = Release|Any CPU
		{15761E01-6286-4C88-A7C4-B6EEEB43A362}.Release|x64.ActiveCfg = Release|Any CPU
		{15761E01-6286-4C88-A7C4-B6EEEB43A362}.Release|x64.Build.0 = Release|Any CPU
		{3379DBCD-CE6A-438C-A448-6D4F87A9532F}.Debug|Any CPU.ActiveCfg = Debug|Any CPU
		{3379DBCD-CE6A-438C-A448-6D4F87A9532F}.Debug|Any CPU.Build.0 = Debug|Any CPU
		{3379DBCD-CE6A-438C-A448-6D4F87A9532F}.Debug|x64.ActiveCfg = Debug|Any CPU
		{3379DBCD-CE6A-438C-A448-6D4F87A9532F}.Debug|x64.Build.0 = Debug|Any CPU
		{3379DBCD-CE6A-438C-A448-6D4F87A9532F}.Publish|Any CPU.ActiveCfg = Debug|Any CPU
		{3379DBCD-CE6A-438C-A448-6D4F87A9532F}.Publish|Any CPU.Build.0 = Debug|Any CPU
		{3379DBCD-CE6A-438C-A448-6D4F87A9532F}.Publish|x64.ActiveCfg = Debug|Any CPU
		{3379DBCD-CE6A-438C-A448-6D4F87A9532F}.Publish|x64.Build.0 = Debug|Any CPU
		{3379DBCD-CE6A-438C-A448-6D4F87A9532F}.Release|Any CPU.ActiveCfg = Release|Any CPU
		{3379DBCD-CE6A-438C-A448-6D4F87A9532F}.Release|Any CPU.Build.0 = Release|Any CPU
		{3379DBCD-CE6A-438C-A448-6D4F87A9532F}.Release|x64.ActiveCfg = Release|Any CPU
		{3379DBCD-CE6A-438C-A448-6D4F87A9532F}.Release|x64.Build.0 = Release|Any CPU
		{29A82C4B-3524-441D-BE22-EC2E59D175BF}.Debug|Any CPU.ActiveCfg = Debug|Any CPU
		{29A82C4B-3524-441D-BE22-EC2E59D175BF}.Debug|Any CPU.Build.0 = Debug|Any CPU
		{29A82C4B-3524-441D-BE22-EC2E59D175BF}.Debug|x64.ActiveCfg = Debug|Any CPU
		{29A82C4B-3524-441D-BE22-EC2E59D175BF}.Debug|x64.Build.0 = Debug|Any CPU
		{29A82C4B-3524-441D-BE22-EC2E59D175BF}.Publish|Any CPU.ActiveCfg = Debug|Any CPU
		{29A82C4B-3524-441D-BE22-EC2E59D175BF}.Publish|Any CPU.Build.0 = Debug|Any CPU
		{29A82C4B-3524-441D-BE22-EC2E59D175BF}.Publish|x64.ActiveCfg = Debug|Any CPU
		{29A82C4B-3524-441D-BE22-EC2E59D175BF}.Publish|x64.Build.0 = Debug|Any CPU
		{29A82C4B-3524-441D-BE22-EC2E59D175BF}.Release|Any CPU.ActiveCfg = Release|Any CPU
		{29A82C4B-3524-441D-BE22-EC2E59D175BF}.Release|Any CPU.Build.0 = Release|Any CPU
		{29A82C4B-3524-441D-BE22-EC2E59D175BF}.Release|x64.ActiveCfg = Release|Any CPU
		{29A82C4B-3524-441D-BE22-EC2E59D175BF}.Release|x64.Build.0 = Release|Any CPU
	EndGlobalSection
	GlobalSection(SolutionProperties) = preSolution
		HideSolutionNode = FALSE
	EndGlobalSection
	GlobalSection(NestedProjects) = preSolution
		{652CA2CF-BBBF-4EF7-8A08-8D030B08E2F0} = {4602DCC7-D36E-44D0-BA47-074D357E845A}
		{2164B944-38E1-4B1C-9FCD-0C36B30B16BC} = {4602DCC7-D36E-44D0-BA47-074D357E845A}
		{F9549085-D72A-432C-862C-524F95424B32} = {4602DCC7-D36E-44D0-BA47-074D357E845A}
		{640EDAD3-86B1-437C-870B-B92D89624051} = {4B6F42A9-7E4F-499F-8905-73FEA2F7D311}
		{46ED4E0F-CFC5-40B1-B354-BAB7AFB213CD} = {4B6F42A9-7E4F-499F-8905-73FEA2F7D311}
		{BEA1AC92-ADD2-4F0D-999A-4287DCBEBB8E} = {4B6F42A9-7E4F-499F-8905-73FEA2F7D311}
		{A7A88B88-36E2-439D-9224-F9A8CC6B1D83} = {4B6F42A9-7E4F-499F-8905-73FEA2F7D311}
		{13E44C47-3988-48EF-9F9D-A48A1DB2354C} = {4B6F42A9-7E4F-499F-8905-73FEA2F7D311}
		{75AB4EF5-B5F7-475C-B504-7EA94909DBFE} = {4B6F42A9-7E4F-499F-8905-73FEA2F7D311}
		{55C5780B-2D1A-4D4A-8A68-F210A7A597DB} = {4B6F42A9-7E4F-499F-8905-73FEA2F7D311}
		{50165F60-4E66-4FA2-9B95-11DA95C5DA82} = {4B6F42A9-7E4F-499F-8905-73FEA2F7D311}
		{672EB82E-C32B-46D9-9190-6409FE0F8DDC} = {4B6F42A9-7E4F-499F-8905-73FEA2F7D311}
		{F80D8110-8659-4D08-8586-C285CB813668} = {9A325ADC-E4DA-4C62-878B-2BFFFC13B440}
		{54F8C54D-D97A-473F-9C4C-FDA1BB089671} = {9A325ADC-E4DA-4C62-878B-2BFFFC13B440}
		{128FB293-F76D-4BBC-A5B8-E73BD2E9D376} = {4602DCC7-D36E-44D0-BA47-074D357E845A}
		{7A3B68E2-426C-493C-9B88-C9E247FE5AA7} = {9A325ADC-E4DA-4C62-878B-2BFFFC13B440}
		{15761E01-6286-4C88-A7C4-B6EEEB43A362} = {4B6F42A9-7E4F-499F-8905-73FEA2F7D311}
		{29A82C4B-3524-441D-BE22-EC2E59D175BF} = {4B6F42A9-7E4F-499F-8905-73FEA2F7D311}
	EndGlobalSection
	GlobalSection(ExtensibilityGlobals) = postSolution
		SolutionGuid = {838D8D40-98B1-4282-8E46-47CE74B7E2CE}
	EndGlobalSection
EndGlobal
